{
  "nodes": {
    "home-manager": {
      "inputs": {
        "nixpkgs": [
          "nixpkgs"
        ]
      },
      "locked": {
        "lastModified": 1770930784,
        "narHash": "sha256-J5YzA89ctwpSpfk+SJWVRWLzhuziXRRcFmo+cs+1K5M=",
        "owner": "nix-community",
        "repo": "home-manager",
        "rev": "2cc195b4783991b30fb8499c0dd2f9a7bf44d347",
        "type": "github"
      },
      "original": {
        "owner": "nix-community",
        "repo": "home-manager",
        "type": "github"
      }
    },
    "nixpkgs": {
      "locked": {
        "lastModified": 1770843696,
        "narHash": "sha256-LovWTGDwXhkfCOmbgLVA10bvsi/P8eDDpRudgk68HA8=",
        "owner": "NixOS",
        "repo": "nixpkgs",
        "rev": "2343bbb58f99267223bc2aac4fc9ea301a155a16",
        "type": "github"
      },
      "original": {
        "owner": "NixOS",
        "ref": "nixpkgs-unstable",
        "repo": "nixpkgs",
        "type": "github"
      }
    },
    "root": {
      "inputs": {
        "home-manager": "home-manager",
        "nixpkgs": "nixpkgs"
      }
    }
  },
  "root": "root",
  "version": 7
}
